
Microsoft Visual Studio Solution File, Format Version 12.00
# Visual Studio Version 17
VisualStudioVersion = 17.8.34322.80
MinimumVisualStudioVersion = 10.0.40219.1
Project("{9A19103F-16F7-4668-BE54-9A1E7A4F7556}") = "MarketeersMarketplace", "MarketeersMarketplace\MarketeersMarketplace.csproj", "{538A17A3-095D-4930-AB50-474C6CEEDADE}"
EndProject
Global
	GlobalSection(SolutionConfigurationPlatforms) = preSolution
		Debug|Any CPU = Debug|Any CPU
		Release|Any CPU = Release|Any CPU
	EndGlobalSection
	GlobalSection(ProjectConfigurationPlatforms) = postSolution
		{538A17A3-095D-4930-AB50-474C6CEEDADE}.Debug|Any CPU.ActiveCfg = Debug|Any CPU
		{538A17A3-095D-4930-AB50-474C6CEEDADE}.Debug|Any CPU.Build.0 = Debug|Any CPU
		{538A17A3-095D-4930-AB50-474C6CEEDADE}.Release|Any CPU.ActiveCfg = Release|Any CPU
		{538A17A3-095D-4930-AB50-474C6CEEDADE}.Release|Any CPU.Build.0 = Release|Any CPU
	EndGlobalSection
	GlobalSection(SolutionProperties) = preSolution
		HideSolutionNode = FALSE
	EndGlobalSection
	GlobalSection(ExtensibilityGlobals) = postSolution
		SolutionGuid = {FC20B257-FFFE-4378-AAC8-24358AD14067}
	EndGlobalSection
EndGlobal
